
Microsoft Visual Studio Solution File, Format Version 12.00
# Visual Studio Version 17
VisualStudioVersion = 17.5.001.0
MinimumVisualStudioVersion = 10.0.40219.1
Project("{9A19103F-16F7-4668-BE54-9A1E7A4F7556}") = "GateFlowDashboardAPI", "GateFlowDashboardAPI.csproj", "{577522AF-26FA-4D92-BBAC-58F2F0607203}"
EndProject
Global
	GlobalSection(SolutionConfigurationPlatforms) = preSolution
		Debug|Any CPU = Debug|Any CPU
		Release|Any CPU = Release|Any CPU
	EndGlobalSection
	GlobalSection(ProjectConfigurationPlatforms) = postSolution
		{577522AF-26FA-4D92-BBAC-58F2F0607203}.Debug|Any CPU.ActiveCfg = Debug|Any CPU
		{577522AF-26FA-4D92-BBAC-58F2F0607203}.Debug|Any CPU.Build.0 = Debug|Any CPU
		{577522AF-26FA-4D92-BBAC-58F2F0607203}.Release|Any CPU.ActiveCfg = Release|Any CPU
		{577522AF-26FA-4D92-BBAC-58F2F0607203}.Release|Any CPU.Build.0 = Release|Any CPU
	EndGlobalSection
	GlobalSection(SolutionProperties) = preSolution
		HideSolutionNode = FALSE
	EndGlobalSection
	GlobalSection(ExtensibilityGlobals) = postSolution
		SolutionGuid = {8C2C2ED2-2F69-44F8-8E09-CF54B65D3D12}
	EndGlobalSection
EndGlobal
